
Microsoft Visual Studio Solution File, Format Version 12.00
# Visual Studio Version 17
VisualStudioVersion = 17.5.002.0
MinimumVisualStudioVersion = 10.0.40219.1
Project("{9A19103F-16F7-4668-BE54-9A1E7A4F7556}") = "Basics", "Basics.csproj", "{76B5568B-4650-4AE5-8665-6CCFB5A10CE3}"
EndProject
Global
	GlobalSection(SolutionConfigurationPlatforms) = preSolution
		Debug|Any CPU = Debug|Any CPU
		Release|Any CPU = Release|Any CPU
	EndGlobalSection
	GlobalSection(ProjectConfigurationPlatforms) = postSolution
		{76B5568B-4650-4AE5-8665-6CCFB5A10CE3}.Debug|Any CPU.ActiveCfg = Debug|Any CPU
		{76B5568B-4650-4AE5-8665-6CCFB5A10CE3}.Debug|Any CPU.Build.0 = Debug|Any CPU
		{76B5568B-4650-4AE5-8665-6CCFB5A10CE3}.Release|Any CPU.ActiveCfg = Release|Any CPU
		{76B5568B-4650-4AE5-8665-6CCFB5A10CE3}.Release|Any CPU.Build.0 = Release|Any CPU
	EndGlobalSection
	GlobalSection(SolutionProperties) = preSolution
		HideSolutionNode = FALSE
	EndGlobalSection
	GlobalSection(ExtensibilityGlobals) = postSolution
		SolutionGuid = {61C8060A-41C2-419C-968B-64CFF24616B0}
	EndGlobalSection
EndGlobal
